
Microsoft Visual Studio Solution File, Format Version 12.00
# Visual Studio Version 17
VisualStudioVersion = 17.0.31903.59
MinimumVisualStudioVersion = 10.0.40219.1
Project("{FAE04EC0-301F-11D3-BF4B-00C04F79EFBC}") = "Domain.Cart", "Domain.Cart\Domain.Cart.csproj", "{8F8A5D63-F105-46D1-BDC2-D8282AD8C0EC}"
EndProject
Project("{FAE04EC0-301F-11D3-BF4B-00C04F79EFBC}") = "Domain.Content", "Domain.Content\Domain.Content.csproj", "{4F52D5CF-81F6-4EE1-AE22-A857A150F1C3}"
EndProject
Project("{2150E333-8FDC-42A3-9474-1A3956D46DE8}") = "Domain.Primatives", "Domain.Primatives", "{FCCD8DA1-51BD-EEC4-98E6-30459BC32F96}"
EndProject
Project("{FAE04EC0-301F-11D3-BF4B-00C04F79EFBC}") = "Domain.Primitives", "Domain.Primatives\Domain.Primitives.csproj", "{C662EA42-9B9B-462D-A4BB-7A97201934E7}"
EndProject
Project("{2150E333-8FDC-42A3-9474-1A3956D46DE8}") = "src", "src", "{827E0CD3-B72D-47B6-A68D-7590B98EB39B}"
EndProject
Project("{FAE04EC0-301F-11D3-BF4B-00C04F79EFBC}") = "Api", "src\Api\Api.csproj", "{811F773E-E483-44E3-A957-000CF090F092}"
EndProject
Project("{FAE04EC0-301F-11D3-BF4B-00C04F79EFBC}") = "Application", "src\Application\Application.csproj", "{123D80B9-5396-4035-87A0-C6A5FC03243B}"
EndProject
Project("{2150E333-8FDC-42A3-9474-1A3956D46DE8}") = "Contracts", "Contracts", "{FFBE31B8-50B9-B415-22BC-2F92C97CADA3}"
EndProject
Project("{FAE04EC0-301F-11D3-BF4B-00C04F79EFBC}") = "Domain.Contracts", "src\Contracts\Domain.Contracts.csproj", "{F9AB335F-2321-4C82-8692-174FC62D1C04}"
EndProject
Project("{FAE04EC0-301F-11D3-BF4B-00C04F79EFBC}") = "Domain.Catalog", "src\Domain.Catalog\Domain.Catalog.csproj", "{F99EDA39-A4CA-4DE5-BBF6-E2743FEF0E62}"
EndProject
Project("{FAE04EC0-301F-11D3-BF4B-00C04F79EFBC}") = "Domain.Identity", "src\Domain.Identity\Domain.Identity.csproj", "{A2B92C46-D5A4-4C39-B233-39D0C3E2CB73}"
EndProject
Project("{FAE04EC0-301F-11D3-BF4B-00C04F79EFBC}") = "Domain.Media", "src\Domain.Media\Domain.Media.csproj", "{FD41F127-1E2E-486A-98AA-C322F38FC359}"
EndProject
Project("{FAE04EC0-301F-11D3-BF4B-00C04F79EFBC}") = "Domain.Orders", "src\Domain.Orders\Domain.Orders.csproj", "{E51ED324-4889-4085-AC0B-63814BF5D990}"
EndProject
Project("{FAE04EC0-301F-11D3-BF4B-00C04F79EFBC}") = "Domain.Payments", "src\Domain.Payments\Domain.Payments.csproj", "{8693570E-D16F-4BF6-A01F-7A5182ED807D}"
EndProject
Project("{FAE04EC0-301F-11D3-BF4B-00C04F79EFBC}") = "Domain.Search", "src\Domain.Search\Domain.Search.csproj", "{CBD5AC84-9837-43D6-AA02-84199C42FCEB}"
EndProject
Project("{FAE04EC0-301F-11D3-BF4B-00C04F79EFBC}") = "Infrastructure", "src\Infrastructure\Infrastructure.csproj", "{283A8535-F4C1-4593-9C3E-B7C74FD4BD46}"
EndProject
Project("{2150E333-8FDC-42A3-9474-1A3956D46DE8}") = "tests", "tests", "{0AB3BF05-4346-4AA6-1389-037BE0695223}"
EndProject
Project("{FAE04EC0-301F-11D3-BF4B-00C04F79EFBC}") = "IntegrationTests", "tests\IntegrationTests\IntegrationTests.csproj", "{E8229B5F-9190-4F1F-A89D-37BB572CE86E}"
EndProject
Project("{FAE04EC0-301F-11D3-BF4B-00C04F79EFBC}") = "UnitTests", "tests\UnitTests\UnitTests.csproj", "{1FE6366C-F486-4C39-840B-F691BF1C4D95}"
EndProject
Global
	GlobalSection(SolutionConfigurationPlatforms) = preSolution
		Debug|Any CPU = Debug|Any CPU
		Debug|x64 = Debug|x64
		Debug|x86 = Debug|x86
		Release|Any CPU = Release|Any CPU
		Release|x64 = Release|x64
		Release|x86 = Release|x86
	EndGlobalSection
	GlobalSection(ProjectConfigurationPlatforms) = postSolution
		{8F8A5D63-F105-46D1-BDC2-D8282AD8C0EC}.Debug|Any CPU.ActiveCfg = Debug|Any CPU
		{8F8A5D63-F105-46D1-BDC2-D8282AD8C0EC}.Debug|Any CPU.Build.0 = Debug|Any CPU
		{8F8A5D63-F105-46D1-BDC2-D8282AD8C0EC}.Debug|x64.ActiveCfg = Debug|Any CPU
		{8F8A5D63-F105-46D1-BDC2-D8282AD8C0EC}.Debug|x64.Build.0 = Debug|Any CPU
		{8F8A5D63-F105-46D1-BDC2-D8282AD8C0EC}.Debug|x86.ActiveCfg = Debug|Any CPU
		{8F8A5D63-F105-46D1-BDC2-D8282AD8C0EC}.Debug|x86.Build.0 = Debug|Any CPU
		{8F8A5D63-F105-46D1-BDC2-D8282AD8C0EC}.Release|Any CPU.ActiveCfg = Release|Any CPU
		{8F8A5D63-F105-46D1-BDC2-D8282AD8C0EC}.Release|Any CPU.Build.0 = Release|Any CPU
		{8F8A5D63-F105-46D1-BDC2-D8282AD8C0EC}.Release|x64.ActiveCfg = Release|Any CPU
		{8F8A5D63-F105-46D1-BDC2-D8282AD8C0EC}.Release|x64.Build.0 = Release|Any CPU
		{8F8A5D63-F105-46D1-BDC2-D8282AD8C0EC}.Release|x86.ActiveCfg = Release|Any CPU
		{8F8A5D63-F105-46D1-BDC2-D8282AD8C0EC}.Release|x86.Build.0 = Release|Any CPU
		{4F52D5CF-81F6-4EE1-AE22-A857A150F1C3}.Debug|Any CPU.ActiveCfg = Debug|Any CPU
		{4F52D5CF-81F6-4EE1-AE22-A857A150F1C3}.Debug|Any CPU.Build.0 = Debug|Any CPU
		{4F52D5CF-81F6-4EE1-AE22-A857A150F1C3}.Debug|x64.ActiveCfg = Debug|Any CPU
		{4F52D5CF-81F6-4EE1-AE22-A857A150F1C3}.Debug|x64.Build.0 = Debug|Any CPU
		{4F52D5CF-81F6-4EE1-AE22-A857A150F1C3}.Debug|x86.ActiveCfg = Debug|Any CPU
		{4F52D5CF-81F6-4EE1-AE22-A857A150F1C3}.Debug|x86.Build.0 = Debug|Any CPU
		{4F52D5CF-81F6-4EE1-AE22-A857A150F1C3}.Release|Any CPU.ActiveCfg = Release|Any CPU
		{4F52D5CF-81F6-4EE1-AE22-A857A150F1C3}.Release|Any CPU.Build.0 = Release|Any CPU
		{4F52D5CF-81F6-4EE1-AE22-A857A150F1C3}.Release|x64.ActiveCfg = Release|Any CPU
		{4F52D5CF-81F6-4EE1-AE22-A857A150F1C3}.Release|x64.Build.0 = Release|Any CPU
		{4F52D5CF-81F6-4EE1-AE22-A857A150F1C3}.Release|x86.ActiveCfg = Release|Any CPU
		{4F52D5CF-81F6-4EE1-AE22-A857A150F1C3}.Release|x86.Build.0 = Release|Any CPU
		{C662EA42-9B9B-462D-A4BB-7A97201934E7}.Debug|Any CPU.ActiveCfg = Debug|Any CPU
		{C662EA42-9B9B-462D-A4BB-7A97201934E7}.Debug|Any CPU.Build.0 = Debug|Any CPU
		{C662EA42-9B9B-462D-A4BB-7A97201934E7}.Debug|x64.ActiveCfg = Debug|Any CPU
		{C662EA42-9B9B-462D-A4BB-7A97201934E7}.Debug|x64.Build.0 = Debug|Any CPU
		{C662EA42-9B9B-462D-A4BB-7A97201934E7}.Debug|x86.ActiveCfg = Debug|Any CPU
		{C662EA42-9B9B-462D-A4BB-7A97201934E7}.Debug|x86.Build.0 = Debug|Any CPU
		{C662EA42-9B9B-462D-A4BB-7A97201934E7}.Release|Any CPU.ActiveCfg = Release|Any CPU
		{C662EA42-9B9B-462D-A4BB-7A97201934E7}.Release|Any CPU.Build.0 = Release|Any CPU
		{C662EA42-9B9B-462D-A4BB-7A97201934E7}.Release|x64.ActiveCfg = Release|Any CPU
		{C662EA42-9B9B-462D-A4BB-7A97201934E7}.Release|x64.Build.0 = Release|Any CPU
		{C662EA42-9B9B-462D-A4BB-7A97201934E7}.Release|x86.ActiveCfg = Release|Any CPU
		{C662EA42-9B9B-462D-A4BB-7A97201934E7}.Release|x86.Build.0 = Release|Any CPU
		{811F773E-E483-44E3-A957-000CF090F092}.Debug|Any CPU.ActiveCfg = Debug|Any CPU
		{811F773E-E483-44E3-A957-000CF090F092}.Debug|Any CPU.Build.0 = Debug|Any CPU
		{811F773E-E483-44E3-A957-000CF090F092}.Debug|x64.ActiveCfg = Debug|Any CPU
		{811F773E-E483-44E3-A957-000CF090F092}.Debug|x64.Build.0 = Debug|Any CPU
		{811F773E-E483-44E3-A957-000CF090F092}.Debug|x86.ActiveCfg = Debug|Any CPU
		{811F773E-E483-44E3-A957-000CF090F092}.Debug|x86.Build.0 = Debug|Any CPU
		{811F773E-E483-44E3-A957-000CF090F092}.Release|Any CPU.ActiveCfg = Release|Any CPU
		{811F773E-E483-44E3-A957-000CF090F092}.Release|Any CPU.Build.0 = Release|Any CPU
		{811F773E-E483-44E3-A957-000CF090F092}.Release|x64.ActiveCfg = Release|Any CPU
		{811F773E-E483-44E3-A957-000CF090F092}.Release|x64.Build.0 = Release|Any CPU
		{811F773E-E483-44E3-A957-000CF090F092}.Release|x86.ActiveCfg = Release|Any CPU
		{811F773E-E483-44E3-A957-000CF090F092}.Release|x86.Build.0 = Release|Any CPU
		{123D80B9-5396-4035-87A0-C6A5FC03243B}.Debug|Any CPU.ActiveCfg = Debug|Any CPU
		{123D80B9-5396-4035-87A0-C6A5FC03243B}.Debug|Any CPU.Build.0 = Debug|Any CPU
		{123D80B9-5396-4035-87A0-C6A5FC03243B}.Debug|x64.ActiveCfg = Debug|Any CPU
		{123D80B9-5396-4035-87A0-C6A5FC03243B}.Debug|x64.Build.0 = Debug|Any CPU
		{123D80B9-5396-4035-87A0-C6A5FC03243B}.Debug|x86.ActiveCfg = Debug|Any CPU
		{123D80B9-5396-4035-87A0-C6A5FC03243B}.Debug|x86.Build.0 = Debug|Any CPU
		{123D80B9-5396-4035-87A0-C6A5FC03243B}.Release|Any CPU.ActiveCfg = Release|Any CPU
		{123D80B9-5396-4035-87A0-C6A5FC03243B}.Release|Any CPU.Build.0 = Release|Any CPU
		{123D80B9-5396-4035-87A0-C6A5FC03243B}.Release|x64.ActiveCfg = Release|Any CPU
		{123D80B9-5396-4035-87A0-C6A5FC03243B}.Release|x64.Build.0 = Release|Any CPU
		{123D80B9-5396-4035-87A0-C6A5FC03243B}.Release|x86.ActiveCfg = Release|Any CPU
		{123D80B9-5396-4035-87A0-C6A5FC03243B}.Release|x86.Build.0 = Release|Any CPU
		{F9AB335F-2321-4C82-8692-174FC62D1C04}.Debug|Any CPU.ActiveCfg = Debug|Any CPU
		{F9AB335F-2321-4C82-8692-174FC62D1C04}.Debug|Any CPU.Build.0 = Debug|Any CPU
		{F9AB335F-2321-4C82-8692-174FC62D1C04}.Debug|x64.ActiveCfg = Debug|Any CPU
		{F9AB335F-2321-4C82-8692-174FC62D1C04}.Debug|x64.Build.0 = Debug|Any CPU
		{F9AB335F-2321-4C82-8692-174FC62D1C04}.Debug|x86.ActiveCfg = Debug|Any CPU
		{F9AB335F-2321-4C82-8692-174FC62D1C04}.Debug|x86.Build.0 = Debug|Any CPU
		{F9AB335F-2321-4C82-8692-174FC62D1C04}.Release|Any CPU.ActiveCfg = Release|Any CPU
		{F9AB335F-2321-4C82-8692-174FC62D1C04}.Release|Any CPU.Build.0 = Release|Any CPU
		{F9AB335F-2321-4C82-8692-174FC62D1C04}.Release|x64.ActiveCfg = Release|Any CPU
		{F9AB335F-2321-4C82-8692-174FC62D1C04}.Release|x64.Build.0 = Release|Any CPU
		{F9AB335F-2321-4C82-8692-174FC62D1C04}.Release|x86.ActiveCfg = Release|Any CPU
		{F9AB335F-2321-4C82-8692-174FC62D1C04}.Release|x86.Build.0 = Release|Any CPU
		{F99EDA39-A4CA-4DE5-BBF6-E2743FEF0E62}.Debug|Any CPU.ActiveCfg = Debug|Any CPU
		{F99EDA39-A4CA-4DE5-BBF6-E2743FEF0E62}.Debug|Any CPU.Build.0 = Debug|Any CPU
		{F99EDA39-A4CA-4DE5-BBF6-E2743FEF0E62}.Debug|x64.ActiveCfg = Debug|Any CPU
		{F99EDA39-A4CA-4DE5-BBF6-E2743FEF0E62}.Debug|x64.Build.0 = Debug|Any CPU
		{F99EDA39-A4CA-4DE5-BBF6-E2743FEF0E62}.Debug|x86.ActiveCfg = Debug|Any CPU
		{F99EDA39-A4CA-4DE5-BBF6-E2743FEF0E62}.Debug|x86.Build.0 = Debug|Any CPU
		{F99EDA39-A4CA-4DE5-BBF6-E2743FEF0E62}.Release|Any CPU.ActiveCfg = Release|Any CPU
		{F99EDA39-A4CA-4DE5-BBF6-E2743FEF0E62}.Release|Any CPU.Build.0 = Release|Any CPU
		{F99EDA39-A4CA-4DE5-BBF6-E2743FEF0E62}.Release|x64.ActiveCfg = Release|Any CPU
		{F99EDA39-A4CA-4DE5-BBF6-E2743FEF0E62}.Release|x64.Build.0 = Release|Any CPU
		{F99EDA39-A4CA-4DE5-BBF6-E2743FEF0E62}.Release|x86.ActiveCfg = Release|Any CPU
		{F99EDA39-A4CA-4DE5-BBF6-E2743FEF0E62}.Release|x86.Build.0 = Release|Any CPU
		{A2B92C46-D5A4-4C39-B233-39D0C3E2CB73}.Debug|Any CPU.ActiveCfg = Debug|Any CPU
		{A2B92C46-D5A4-4C39-B233-39D0C3E2CB73}.Debug|Any CPU.Build.0 = Debug|Any CPU
		{A2B92C46-D5A4-4C39-B233-39D0C3E2CB73}.Debug|x64.ActiveCfg = Debug|Any CPU
		{A2B92C46-D5A4-4C39-B233-39D0C3E2CB73}.Debug|x64.Build.0 = Debug|Any CPU
		{A2B92C46-D5A4-4C39-B233-39D0C3E2CB73}.Debug|x86.ActiveCfg = Debug|Any CPU
		{A2B92C46-D5A4-4C39-B233-39D0C3E2CB73}.Debug|x86.Build.0 = Debug|Any CPU
		{A2B92C46-D5A4-4C39-B233-39D0C3E2CB73}.Release|Any CPU.ActiveCfg = Release|Any CPU
		{A2B92C46-D5A4-4C39-B233-39D0C3E2CB73}.Release|Any CPU.Build.0 = Release|Any CPU
		{A2B92C46-D5A4-4C39-B233-39D0C3E2CB73}.Release|x64.ActiveCfg = Release|Any CPU
		{A2B92C46-D5A4-4C39-B233-39D0C3E2CB73}.Release|x64.Build.0 = Release|Any CPU
		{A2B92C46-D5A4-4C39-B233-39D0C3E2CB73}.Release|x86.ActiveCfg = Release|Any CPU
		{A2B92C46-D5A4-4C39-B233-39D0C3E2CB73}.Release|x86.Build.0 = Release|Any CPU
		{FD41F127-1E2E-486A-98AA-C322F38FC359}.Debug|Any CPU.ActiveCfg = Debug|Any CPU
		{FD41F127-1E2E-486A-98AA-C322F38FC359}.Debug|Any CPU.Build.0 = Debug|Any CPU
		{FD41F127-1E2E-486A-98AA-C322F38FC359}.Debug|x64.ActiveCfg = Debug|Any CPU
		{FD41F127-1E2E-486A-98AA-C322F38FC359}.Debug|x64.Build.0 = Debug|Any CPU
		{FD41F127-1E2E-486A-98AA-C322F38FC359}.Debug|x86.ActiveCfg = Debug|Any CPU
		{FD41F127-1E2E-486A-98AA-C322F38FC359}.Debug|x86.Build.0 = Debug|Any CPU
		{FD41F127-1E2E-486A-98AA-C322F38FC359}.Release|Any CPU.ActiveCfg = Release|Any CPU
		{FD41F127-1E2E-486A-98AA-C322F38FC359}.Release|Any CPU.Build.0 = Release|Any CPU
		{FD41F127-1E2E-486A-98AA-C322F38FC359}.Release|x64.ActiveCfg = Release|Any CPU
		{FD41F127-1E2E-486A-98AA-C322F38FC359}.Release|x64.Build.0 = Release|Any CPU
		{FD41F127-1E2E-486A-98AA-C322F38FC359}.Release|x86.ActiveCfg = Release|Any CPU
		{FD41F127-1E2E-486A-98AA-C322F38FC359}.Release|x86.Build.0 = Release|Any CPU
		{E51ED324-4889-4085-AC0B-63814BF5D990}.Debug|Any CPU.ActiveCfg = Debug|Any CPU
		{E51ED324-4889-4085-AC0B-63814BF5D990}.Debug|Any CPU.Build.0 = Debug|Any CPU
		{E51ED324-4889-4085-AC0B-63814BF5D990}.Debug|x64.ActiveCfg = Debug|Any CPU
		{E51ED324-4889-4085-AC0B-63814BF5D990}.Debug|x64.Build.0 = Debug|Any CPU
		{E51ED324-4889-4085-AC0B-63814BF5D990}.Debug|x86.ActiveCfg = Debug|Any CPU
		{E51ED324-4889-4085-AC0B-63814BF5D990}.Debug|x86.Build.0 = Debug|Any CPU
		{E51ED324-4889-4085-AC0B-63814BF5D990}.Release|Any CPU.ActiveCfg = Release|Any CPU
		{E51ED324-4889-4085-AC0B-63814BF5D990}.Release|Any CPU.Build.0 = Release|Any CPU
		{E51ED324-4889-4085-AC0B-63814BF5D990}.Release|x64.ActiveCfg = Release|Any CPU
		{E51ED324-4889-4085-AC0B-63814BF5D990}.Release|x64.Build.0 = Release|Any CPU
		{E51ED324-4889-4085-AC0B-63814BF5D990}.Release|x86.ActiveCfg = Release|Any CPU
		{E51ED324-4889-4085-AC0B-63814BF5D990}.Release|x86.Build.0 = Release|Any CPU
		{8693570E-D16F-4BF6-A01F-7A5182ED807D}.Debug|Any CPU.ActiveCfg = Debug|Any CPU
		{8693570E-D16F-4BF6-A01F-7A5182ED807D}.Debug|Any CPU.Build.0 = Debug|Any CPU
		{8693570E-D16F-4BF6-A01F-7A5182ED807D}.Debug|x64.ActiveCfg = Debug|Any CPU
		{8693570E-D16F-4BF6-A01F-7A5182ED807D}.Debug|x64.Build.0 = Debug|Any CPU
		{8693570E-D16F-4BF6-A01F-7A5182ED807D}.Debug|x86.ActiveCfg = Debug|Any CPU
		{8693570E-D16F-4BF6-A01F-7A5182ED807D}.Debug|x86.Build.0 = Debug|Any CPU
		{8693570E-D16F-4BF6-A01F-7A5182ED807D}.Release|Any CPU.ActiveCfg = Release|Any CPU
		{8693570E-D16F-4BF6-A01F-7A5182ED807D}.Release|Any CPU.Build.0 = Release|Any CPU
		{8693570E-D16F-4BF6-A01F-7A5182ED807D}.Release|x64.ActiveCfg = Release|Any CPU
		{8693570E-D16F-4BF6-A01F-7A5182ED807D}.Release|x64.Build.0 = Release|Any CPU
		{8693570E-D16F-4BF6-A01F-7A5182ED807D}.Release|x86.ActiveCfg = Release|Any CPU
		{8693570E-D16F-4BF6-A01F-7A5182ED807D}.Release|x86.Build.0 = Release|Any CPU
		{CBD5AC84-9837-43D6-AA02-84199C42FCEB}.Debug|Any CPU.ActiveCfg = Debug|Any CPU
		{CBD5AC84-9837-43D6-AA02-84199C42FCEB}.Debug|Any CPU.Build.0 = Debug|Any CPU
		{CBD5AC84-9837-43D6-AA02-84199C42FCEB}.Debug|x64.ActiveCfg = Debug|Any CPU
		{CBD5AC84-9837-43D6-AA02-84199C42FCEB}.Debug|x64.Build.0 = Debug|Any CPU
		{CBD5AC84-9837-43D6-AA02-84199C42FCEB}.Debug|x86.ActiveCfg = Debug|Any CPU
		{CBD5AC84-9837-43D6-AA02-84199C42FCEB}.Debug|x86.Build.0 = Debug|Any CPU
		{CBD5AC84-9837-43D6-AA02-84199C42FCEB}.Release|Any CPU.ActiveCfg = Release|Any CPU
		{CBD5AC84-9837-43D6-AA02-84199C42FCEB}.Release|Any CPU.Build.0 = Release|Any CPU
		{CBD5AC84-9837-43D6-AA02-84199C42FCEB}.Release|x64.ActiveCfg = Release|Any CPU
		{CBD5AC84-9837-43D6-AA02-84199C42FCEB}.Release|x64.Build.0 = Release|Any CPU
		{CBD5AC84-9837-43D6-AA02-84199C42FCEB}.Release|x86.ActiveCfg = Release|Any CPU
		{CBD5AC84-9837-43D6-AA02-84199C42FCEB}.Release|x86.Build.0 = Release|Any CPU
		{283A8535-F4C1-4593-9C3E-B7C74FD4BD46}.Debug|Any CPU.ActiveCfg = Debug|Any CPU
		{283A8535-F4C1-4593-9C3E-B7C74FD4BD46}.Debug|Any CPU.Build.0 = Debug|Any CPU
		{283A8535-F4C1-4593-9C3E-B7C74FD4BD46}.Debug|x64.ActiveCfg = Debug|Any CPU
		{283A8535-F4C1-4593-9C3E-B7C74FD4BD46}.Debug|x64.Build.0 = Debug|Any CPU
		{283A8535-F4C1-4593-9C3E-B7C74FD4BD46}.Debug|x86.ActiveCfg = Debug|Any CPU
		{283A8535-F4C1-4593-9C3E-B7C74FD4BD46}.Debug|x86.Build.0 = Debug|Any CPU
		{283A8535-F4C1-4593-9C3E-B7C74FD4BD46}.Release|Any CPU.ActiveCfg = Release|Any CPU
		{283A8535-F4C1-4593-9C3E-B7C74FD4BD46}.Release|Any CPU.Build.0 = Release|Any CPU
		{283A8535-F4C1-4593-9C3E-B7C74FD4BD46}.Release|x64.ActiveCfg = Release|Any CPU
		{283A8535-F4C1-4593-9C3E-B7C74FD4BD46}.Release|x64.Build.0 = Release|Any CPU
		{283A8535-F4C1-4593-9C3E-B7C74FD4BD46}.Release|x86.ActiveCfg = Release|Any CPU
		{283A8535-F4C1-4593-9C3E-B7C74FD4BD46}.Release|x86.Build.0 = Release|Any CPU
		{E8229B5F-9190-4F1F-A89D-37BB572CE86E}.Debug|Any CPU.ActiveCfg = Debug|Any CPU
		{E8229B5F-9190-4F1F-A89D-37BB572CE86E}.Debug|Any CPU.Build.0 = Debug|Any CPU
		{E8229B5F-9190-4F1F-A89D-37BB572CE86E}.Debug|x64.ActiveCfg = Debug|Any CPU
		{E8229B5F-9190-4F1F-A89D-37BB572CE86E}.Debug|x64.Build.0 = Debug|Any CPU
		{E8229B5F-9190-4F1F-A89D-37BB572CE86E}.Debug|x86.ActiveCfg = Debug|Any CPU
		{E8229B5F-9190-4F1F-A89D-37BB572CE86E}.Debug|x86.Build.0 = Debug|Any CPU
		{E8229B5F-9190-4F1F-A89D-37BB572CE86E}.Release|Any CPU.ActiveCfg = Release|Any CPU
		{E8229B5F-9190-4F1F-A89D-37BB572CE86E}.Release|Any CPU.Build.0 = Release|Any CPU
		{E8229B5F-9190-4F1F-A89D-37BB572CE86E}.Release|x64.ActiveCfg = Release|Any CPU
		{E8229B5F-9190-4F1F-A89D-37BB572CE86E}.Release|x64.Build.0 = Release|Any CPU
		{E8229B5F-9190-4F1F-A89D-37BB572CE86E}.Release|x86.ActiveCfg = Release|Any CPU
		{E8229B5F-9190-4F1F-A89D-37BB572CE86E}.Release|x86.Build.0 = Release|Any CPU
		{1FE6366C-F486-4C39-840B-F691BF1C4D95}.Debug|Any CPU.ActiveCfg = Debug|Any CPU
		{1FE6366C-F486-4C39-840B-F691BF1C4D95}.Debug|Any CPU.Build.0 = Debug|Any CPU
		{1FE6366C-F486-4C39-840B-F691BF1C4D95}.Debug|x64.ActiveCfg = Debug|Any CPU
		{1FE6366C-F486-4C39-840B-F691BF1C4D95}.Debug|x64.Build.0 = Debug|Any CPU
		{1FE6366C-F486-4C39-840B-F691BF1C4D95}.Debug|x86.ActiveCfg = Debug|Any CPU
		{1FE6366C-F486-4C39-840B-F691BF1C4D95}.Debug|x86.Build.0 = Debug|Any CPU
		{1FE6366C-F486-4C39-840B-F691BF1C4D95}.Release|Any CPU.ActiveCfg = Release|Any CPU
		{1FE6366C-F486-4C39-840B-F691BF1C4D95}.Release|Any CPU.Build.0 = Release|Any CPU
		{1FE6366C-F486-4C39-840B-F691BF1C4D95}.Release|x64.ActiveCfg = Release|Any CPU
		{1FE6366C-F486-4C39-840B-F691BF1C4D95}.Release|x64.Build.0 = Release|Any CPU
		{1FE6366C-F486-4C39-840B-F691BF1C4D95}.Release|x86.ActiveCfg = Release|Any CPU
		{1FE6366C-F486-4C39-840B-F691BF1C4D95}.Release|x86.Build.0 = Release|Any CPU
	EndGlobalSection
	GlobalSection(SolutionProperties) = preSolution
		HideSolutionNode = FALSE
	EndGlobalSection
	GlobalSection(NestedProjects) = preSolution
		{C662EA42-9B9B-462D-A4BB-7A97201934E7} = {FCCD8DA1-51BD-EEC4-98E6-30459BC32F96}
		{811F773E-E483-44E3-A957-000CF090F092} = {827E0CD3-B72D-47B6-A68D-7590B98EB39B}
		{123D80B9-5396-4035-87A0-C6A5FC03243B} = {827E0CD3-B72D-47B6-A68D-7590B98EB39B}
		{FFBE31B8-50B9-B415-22BC-2F92C97CADA3} = {827E0CD3-B72D-47B6-A68D-7590B98EB39B}
		{F9AB335F-2321-4C82-8692-174FC62D1C04} = {FFBE31B8-50B9-B415-22BC-2F92C97CADA3}
		{F99EDA39-A4CA-4DE5-BBF6-E2743FEF0E62} = {827E0CD3-B72D-47B6-A68D-7590B98EB39B}
		{A2B92C46-D5A4-4C39-B233-39D0C3E2CB73} = {827E0CD3-B72D-47B6-A68D-7590B98EB39B}
		{FD41F127-1E2E-486A-98AA-C322F38FC359} = {827E0CD3-B72D-47B6-A68D-7590B98EB39B}
		{E51ED324-4889-4085-AC0B-63814BF5D990} = {827E0CD3-B72D-47B6-A68D-7590B98EB39B}
		{8693570E-D16F-4BF6-A01F-7A5182ED807D} = {827E0CD3-B72D-47B6-A68D-7590B98EB39B}
		{CBD5AC84-9837-43D6-AA02-84199C42FCEB} = {827E0CD3-B72D-47B6-A68D-7590B98EB39B}
		{283A8535-F4C1-4593-9C3E-B7C74FD4BD46} = {827E0CD3-B72D-47B6-A68D-7590B98EB39B}
		{E8229B5F-9190-4F1F-A89D-37BB572CE86E} = {0AB3BF05-4346-4AA6-1389-037BE0695223}
		{1FE6366C-F486-4C39-840B-F691BF1C4D95} = {0AB3BF05-4346-4AA6-1389-037BE0695223}
	EndGlobalSection
EndGlobal
