
Microsoft Visual Studio Solution File, Format Version 12.00
# Visual Studio Version 17
VisualStudioVersion = 17.0.31903.59
MinimumVisualStudioVersion = 10.0.40219.1
Project("{2150E333-8FDC-42A3-9474-1A3956D46DE8}") = "src", "src", "{827E0CD3-B72D-47B6-A68D-7590B98EB39B}"
EndProject
Project("{FAE04EC0-301F-11D3-BF4B-00C04F79EFBC}") = "Api", "src\Api\Api.csproj", "{172FDCC4-A560-41A2-98B1-FA4A37A07A34}"
EndProject
Project("{FAE04EC0-301F-11D3-BF4B-00C04F79EFBC}") = "Application", "src\Application\Application.csproj", "{80EA0F93-B568-4605-B7C7-BBBF98794BCD}"
EndProject
Project("{FAE04EC0-301F-11D3-BF4B-00C04F79EFBC}") = "Domain.Cart", "src\Domain.Cart\Domain.Cart.csproj", "{4F935412-7F7D-4FB1-8334-9C785810C391}"
EndProject
Project("{FAE04EC0-301F-11D3-BF4B-00C04F79EFBC}") = "Domain.Catalog", "src\Domain.Catalog\Domain.Catalog.csproj", "{4AE9E6C4-4966-45D0-9E03-92A1091D6B82}"
EndProject
Project("{FAE04EC0-301F-11D3-BF4B-00C04F79EFBC}") = "Domain.Content", "src\Domain.Content\Domain.Content.csproj", "{D912A538-FBC8-4373-B7D1-EB0285A65EB0}"
EndProject
Project("{FAE04EC0-301F-11D3-BF4B-00C04F79EFBC}") = "Domain.Contracts", "src\Domain.Contracts\Domain.Contracts.csproj", "{920F24A0-0711-4657-9876-2BD415097CD1}"
EndProject
Project("{FAE04EC0-301F-11D3-BF4B-00C04F79EFBC}") = "Domain.Identity", "src\Domain.Identity\Domain.Identity.csproj", "{B14DC8DE-427E-413A-8B36-463A399090E6}"
EndProject
Project("{FAE04EC0-301F-11D3-BF4B-00C04F79EFBC}") = "Domain.Orders", "src\Domain.Orders\Domain.Orders.csproj", "{9C8573E2-F24E-4D9D-AF10-E9ADD8479290}"
EndProject
Project("{FAE04EC0-301F-11D3-BF4B-00C04F79EFBC}") = "Infrastructure", "src\Infrastructure\Infrastructure.csproj", "{60065D8D-5CF6-4346-B8D9-DD83AADC17E5}"
EndProject
Project("{2150E333-8FDC-42A3-9474-1A3956D46DE8}") = "tests", "tests", "{0AB3BF05-4346-4AA6-1389-037BE0695223}"
EndProject
Project("{FAE04EC0-301F-11D3-BF4B-00C04F79EFBC}") = "IntegrationTests", "tests\IntegrationTests\IntegrationTests.csproj", "{1CC6F76F-4551-483F-BA0F-06FD0BAD2227}"
EndProject
Project("{FAE04EC0-301F-11D3-BF4B-00C04F79EFBC}") = "UnitTests", "tests\UnitTests\UnitTests.csproj", "{58E76A97-02DD-4008-90C6-C42CC46CE30E}"
EndProject
Project("{2150E333-8FDC-42A3-9474-1A3956D46DE8}") = "Shared", "Shared", "{C8E42992-5E42-0C2B-DBFE-AA848D06431C}"
EndProject
Project("{FAE04EC0-301F-11D3-BF4B-00C04F79EFBC}") = "Shared.Kernel", "src\Shared\Shared.Kernel\Shared.Kernel.csproj", "{C34F2EC7-F775-42C3-BF37-21A846BF9AF6}"
EndProject
Project("{FAE04EC0-301F-11D3-BF4B-00C04F79EFBC}") = "Shared.Abstractions", "src\Shared\Shared.Abstractions\Shared.Abstractions.csproj", "{CE2CC7C0-766B-4265-B1A2-CDDAB7DA17A0}"
EndProject
Global
	GlobalSection(SolutionConfigurationPlatforms) = preSolution
		Debug|Any CPU = Debug|Any CPU
		Debug|x64 = Debug|x64
		Debug|x86 = Debug|x86
		Release|Any CPU = Release|Any CPU
		Release|x64 = Release|x64
		Release|x86 = Release|x86
	EndGlobalSection
	GlobalSection(ProjectConfigurationPlatforms) = postSolution
		{172FDCC4-A560-41A2-98B1-FA4A37A07A34}.Debug|Any CPU.ActiveCfg = Debug|Any CPU
		{172FDCC4-A560-41A2-98B1-FA4A37A07A34}.Debug|Any CPU.Build.0 = Debug|Any CPU
		{172FDCC4-A560-41A2-98B1-FA4A37A07A34}.Debug|x64.ActiveCfg = Debug|Any CPU
		{172FDCC4-A560-41A2-98B1-FA4A37A07A34}.Debug|x64.Build.0 = Debug|Any CPU
		{172FDCC4-A560-41A2-98B1-FA4A37A07A34}.Debug|x86.ActiveCfg = Debug|Any CPU
		{172FDCC4-A560-41A2-98B1-FA4A37A07A34}.Debug|x86.Build.0 = Debug|Any CPU
		{172FDCC4-A560-41A2-98B1-FA4A37A07A34}.Release|Any CPU.ActiveCfg = Release|Any CPU
		{172FDCC4-A560-41A2-98B1-FA4A37A07A34}.Release|Any CPU.Build.0 = Release|Any CPU
		{172FDCC4-A560-41A2-98B1-FA4A37A07A34}.Release|x64.ActiveCfg = Release|Any CPU
		{172FDCC4-A560-41A2-98B1-FA4A37A07A34}.Release|x64.Build.0 = Release|Any CPU
		{172FDCC4-A560-41A2-98B1-FA4A37A07A34}.Release|x86.ActiveCfg = Release|Any CPU
		{172FDCC4-A560-41A2-98B1-FA4A37A07A34}.Release|x86.Build.0 = Release|Any CPU
		{80EA0F93-B568-4605-B7C7-BBBF98794BCD}.Debug|Any CPU.ActiveCfg = Debug|Any CPU
		{80EA0F93-B568-4605-B7C7-BBBF98794BCD}.Debug|Any CPU.Build.0 = Debug|Any CPU
		{80EA0F93-B568-4605-B7C7-BBBF98794BCD}.Debug|x64.ActiveCfg = Debug|Any CPU
		{80EA0F93-B568-4605-B7C7-BBBF98794BCD}.Debug|x64.Build.0 = Debug|Any CPU
		{80EA0F93-B568-4605-B7C7-BBBF98794BCD}.Debug|x86.ActiveCfg = Debug|Any CPU
		{80EA0F93-B568-4605-B7C7-BBBF98794BCD}.Debug|x86.Build.0 = Debug|Any CPU
		{80EA0F93-B568-4605-B7C7-BBBF98794BCD}.Release|Any CPU.ActiveCfg = Release|Any CPU
		{80EA0F93-B568-4605-B7C7-BBBF98794BCD}.Release|Any CPU.Build.0 = Release|Any CPU
		{80EA0F93-B568-4605-B7C7-BBBF98794BCD}.Release|x64.ActiveCfg = Release|Any CPU
		{80EA0F93-B568-4605-B7C7-BBBF98794BCD}.Release|x64.Build.0 = Release|Any CPU
		{80EA0F93-B568-4605-B7C7-BBBF98794BCD}.Release|x86.ActiveCfg = Release|Any CPU
		{80EA0F93-B568-4605-B7C7-BBBF98794BCD}.Release|x86.Build.0 = Release|Any CPU
		{4F935412-7F7D-4FB1-8334-9C785810C391}.Debug|Any CPU.ActiveCfg = Debug|Any CPU
		{4F935412-7F7D-4FB1-8334-9C785810C391}.Debug|Any CPU.Build.0 = Debug|Any CPU
		{4F935412-7F7D-4FB1-8334-9C785810C391}.Debug|x64.ActiveCfg = Debug|Any CPU
		{4F935412-7F7D-4FB1-8334-9C785810C391}.Debug|x64.Build.0 = Debug|Any CPU
		{4F935412-7F7D-4FB1-8334-9C785810C391}.Debug|x86.ActiveCfg = Debug|Any CPU
		{4F935412-7F7D-4FB1-8334-9C785810C391}.Debug|x86.Build.0 = Debug|Any CPU
		{4F935412-7F7D-4FB1-8334-9C785810C391}.Release|Any CPU.ActiveCfg = Release|Any CPU
		{4F935412-7F7D-4FB1-8334-9C785810C391}.Release|Any CPU.Build.0 = Release|Any CPU
		{4F935412-7F7D-4FB1-8334-9C785810C391}.Release|x64.ActiveCfg = Release|Any CPU
		{4F935412-7F7D-4FB1-8334-9C785810C391}.Release|x64.Build.0 = Release|Any CPU
		{4F935412-7F7D-4FB1-8334-9C785810C391}.Release|x86.ActiveCfg = Release|Any CPU
		{4F935412-7F7D-4FB1-8334-9C785810C391}.Release|x86.Build.0 = Release|Any CPU
		{4AE9E6C4-4966-45D0-9E03-92A1091D6B82}.Debug|Any CPU.ActiveCfg = Debug|Any CPU
		{4AE9E6C4-4966-45D0-9E03-92A1091D6B82}.Debug|Any CPU.Build.0 = Debug|Any CPU
		{4AE9E6C4-4966-45D0-9E03-92A1091D6B82}.Debug|x64.ActiveCfg = Debug|Any CPU
		{4AE9E6C4-4966-45D0-9E03-92A1091D6B82}.Debug|x64.Build.0 = Debug|Any CPU
		{4AE9E6C4-4966-45D0-9E03-92A1091D6B82}.Debug|x86.ActiveCfg = Debug|Any CPU
		{4AE9E6C4-4966-45D0-9E03-92A1091D6B82}.Debug|x86.Build.0 = Debug|Any CPU
		{4AE9E6C4-4966-45D0-9E03-92A1091D6B82}.Release|Any CPU.ActiveCfg = Release|Any CPU
		{4AE9E6C4-4966-45D0-9E03-92A1091D6B82}.Release|Any CPU.Build.0 = Release|Any CPU
		{4AE9E6C4-4966-45D0-9E03-92A1091D6B82}.Release|x64.ActiveCfg = Release|Any CPU
		{4AE9E6C4-4966-45D0-9E03-92A1091D6B82}.Release|x64.Build.0 = Release|Any CPU
		{4AE9E6C4-4966-45D0-9E03-92A1091D6B82}.Release|x86.ActiveCfg = Release|Any CPU
		{4AE9E6C4-4966-45D0-9E03-92A1091D6B82}.Release|x86.Build.0 = Release|Any CPU
		{D912A538-FBC8-4373-B7D1-EB0285A65EB0}.Debug|Any CPU.ActiveCfg = Debug|Any CPU
		{D912A538-FBC8-4373-B7D1-EB0285A65EB0}.Debug|Any CPU.Build.0 = Debug|Any CPU
		{D912A538-FBC8-4373-B7D1-EB0285A65EB0}.Debug|x64.ActiveCfg = Debug|Any CPU
		{D912A538-FBC8-4373-B7D1-EB0285A65EB0}.Debug|x64.Build.0 = Debug|Any CPU
		{D912A538-FBC8-4373-B7D1-EB0285A65EB0}.Debug|x86.ActiveCfg = Debug|Any CPU
		{D912A538-FBC8-4373-B7D1-EB0285A65EB0}.Debug|x86.Build.0 = Debug|Any CPU
		{D912A538-FBC8-4373-B7D1-EB0285A65EB0}.Release|Any CPU.ActiveCfg = Release|Any CPU
		{D912A538-FBC8-4373-B7D1-EB0285A65EB0}.Release|Any CPU.Build.0 = Release|Any CPU
		{D912A538-FBC8-4373-B7D1-EB0285A65EB0}.Release|x64.ActiveCfg = Release|Any CPU
		{D912A538-FBC8-4373-B7D1-EB0285A65EB0}.Release|x64.Build.0 = Release|Any CPU
		{D912A538-FBC8-4373-B7D1-EB0285A65EB0}.Release|x86.ActiveCfg = Release|Any CPU
		{D912A538-FBC8-4373-B7D1-EB0285A65EB0}.Release|x86.Build.0 = Release|Any CPU
		{920F24A0-0711-4657-9876-2BD415097CD1}.Debug|Any CPU.ActiveCfg = Debug|Any CPU
		{920F24A0-0711-4657-9876-2BD415097CD1}.Debug|Any CPU.Build.0 = Debug|Any CPU
		{920F24A0-0711-4657-9876-2BD415097CD1}.Debug|x64.ActiveCfg = Debug|Any CPU
		{920F24A0-0711-4657-9876-2BD415097CD1}.Debug|x64.Build.0 = Debug|Any CPU
		{920F24A0-0711-4657-9876-2BD415097CD1}.Debug|x86.ActiveCfg = Debug|Any CPU
		{920F24A0-0711-4657-9876-2BD415097CD1}.Debug|x86.Build.0 = Debug|Any CPU
		{920F24A0-0711-4657-9876-2BD415097CD1}.Release|Any CPU.ActiveCfg = Release|Any CPU
		{920F24A0-0711-4657-9876-2BD415097CD1}.Release|Any CPU.Build.0 = Release|Any CPU
		{920F24A0-0711-4657-9876-2BD415097CD1}.Release|x64.ActiveCfg = Release|Any CPU
		{920F24A0-0711-4657-9876-2BD415097CD1}.Release|x64.Build.0 = Release|Any CPU
		{920F24A0-0711-4657-9876-2BD415097CD1}.Release|x86.ActiveCfg = Release|Any CPU
		{920F24A0-0711-4657-9876-2BD415097CD1}.Release|x86.Build.0 = Release|Any CPU
		{B14DC8DE-427E-413A-8B36-463A399090E6}.Debug|Any CPU.ActiveCfg = Debug|Any CPU
		{B14DC8DE-427E-413A-8B36-463A399090E6}.Debug|Any CPU.Build.0 = Debug|Any CPU
		{B14DC8DE-427E-413A-8B36-463A399090E6}.Debug|x64.ActiveCfg = Debug|Any CPU
		{B14DC8DE-427E-413A-8B36-463A399090E6}.Debug|x64.Build.0 = Debug|Any CPU
		{B14DC8DE-427E-413A-8B36-463A399090E6}.Debug|x86.ActiveCfg = Debug|Any CPU
		{B14DC8DE-427E-413A-8B36-463A399090E6}.Debug|x86.Build.0 = Debug|Any CPU
		{B14DC8DE-427E-413A-8B36-463A399090E6}.Release|Any CPU.ActiveCfg = Release|Any CPU
		{B14DC8DE-427E-413A-8B36-463A399090E6}.Release|Any CPU.Build.0 = Release|Any CPU
		{B14DC8DE-427E-413A-8B36-463A399090E6}.Release|x64.ActiveCfg = Release|Any CPU
		{B14DC8DE-427E-413A-8B36-463A399090E6}.Release|x64.Build.0 = Release|Any CPU
		{B14DC8DE-427E-413A-8B36-463A399090E6}.Release|x86.ActiveCfg = Release|Any CPU
		{B14DC8DE-427E-413A-8B36-463A399090E6}.Release|x86.Build.0 = Release|Any CPU
		{9C8573E2-F24E-4D9D-AF10-E9ADD8479290}.Debug|Any CPU.ActiveCfg = Debug|Any CPU
		{9C8573E2-F24E-4D9D-AF10-E9ADD8479290}.Debug|Any CPU.Build.0 = Debug|Any CPU
		{9C8573E2-F24E-4D9D-AF10-E9ADD8479290}.Debug|x64.ActiveCfg = Debug|Any CPU
		{9C8573E2-F24E-4D9D-AF10-E9ADD8479290}.Debug|x64.Build.0 = Debug|Any CPU
		{9C8573E2-F24E-4D9D-AF10-E9ADD8479290}.Debug|x86.ActiveCfg = Debug|Any CPU
		{9C8573E2-F24E-4D9D-AF10-E9ADD8479290}.Debug|x86.Build.0 = Debug|Any CPU
		{9C8573E2-F24E-4D9D-AF10-E9ADD8479290}.Release|Any CPU.ActiveCfg = Release|Any CPU
		{9C8573E2-F24E-4D9D-AF10-E9ADD8479290}.Release|Any CPU.Build.0 = Release|Any CPU
		{9C8573E2-F24E-4D9D-AF10-E9ADD8479290}.Release|x64.ActiveCfg = Release|Any CPU
		{9C8573E2-F24E-4D9D-AF10-E9ADD8479290}.Release|x64.Build.0 = Release|Any CPU
		{9C8573E2-F24E-4D9D-AF10-E9ADD8479290}.Release|x86.ActiveCfg = Release|Any CPU
		{9C8573E2-F24E-4D9D-AF10-E9ADD8479290}.Release|x86.Build.0 = Release|Any CPU
		{60065D8D-5CF6-4346-B8D9-DD83AADC17E5}.Debug|Any CPU.ActiveCfg = Debug|Any CPU
		{60065D8D-5CF6-4346-B8D9-DD83AADC17E5}.Debug|Any CPU.Build.0 = Debug|Any CPU
		{60065D8D-5CF6-4346-B8D9-DD83AADC17E5}.Debug|x64.ActiveCfg = Debug|Any CPU
		{60065D8D-5CF6-4346-B8D9-DD83AADC17E5}.Debug|x64.Build.0 = Debug|Any CPU
		{60065D8D-5CF6-4346-B8D9-DD83AADC17E5}.Debug|x86.ActiveCfg = Debug|Any CPU
		{60065D8D-5CF6-4346-B8D9-DD83AADC17E5}.Debug|x86.Build.0 = Debug|Any CPU
		{60065D8D-5CF6-4346-B8D9-DD83AADC17E5}.Release|Any CPU.ActiveCfg = Release|Any CPU
		{60065D8D-5CF6-4346-B8D9-DD83AADC17E5}.Release|Any CPU.Build.0 = Release|Any CPU
		{60065D8D-5CF6-4346-B8D9-DD83AADC17E5}.Release|x64.ActiveCfg = Release|Any CPU
		{60065D8D-5CF6-4346-B8D9-DD83AADC17E5}.Release|x64.Build.0 = Release|Any CPU
		{60065D8D-5CF6-4346-B8D9-DD83AADC17E5}.Release|x86.ActiveCfg = Release|Any CPU
		{60065D8D-5CF6-4346-B8D9-DD83AADC17E5}.Release|x86.Build.0 = Release|Any CPU
		{1CC6F76F-4551-483F-BA0F-06FD0BAD2227}.Debug|Any CPU.ActiveCfg = Debug|Any CPU
		{1CC6F76F-4551-483F-BA0F-06FD0BAD2227}.Debug|Any CPU.Build.0 = Debug|Any CPU
		{1CC6F76F-4551-483F-BA0F-06FD0BAD2227}.Debug|x64.ActiveCfg = Debug|Any CPU
		{1CC6F76F-4551-483F-BA0F-06FD0BAD2227}.Debug|x64.Build.0 = Debug|Any CPU
		{1CC6F76F-4551-483F-BA0F-06FD0BAD2227}.Debug|x86.ActiveCfg = Debug|Any CPU
		{1CC6F76F-4551-483F-BA0F-06FD0BAD2227}.Debug|x86.Build.0 = Debug|Any CPU
		{1CC6F76F-4551-483F-BA0F-06FD0BAD2227}.Release|Any CPU.ActiveCfg = Release|Any CPU
		{1CC6F76F-4551-483F-BA0F-06FD0BAD2227}.Release|Any CPU.Build.0 = Release|Any CPU
		{1CC6F76F-4551-483F-BA0F-06FD0BAD2227}.Release|x64.ActiveCfg = Release|Any CPU
		{1CC6F76F-4551-483F-BA0F-06FD0BAD2227}.Release|x64.Build.0 = Release|Any CPU
		{1CC6F76F-4551-483F-BA0F-06FD0BAD2227}.Release|x86.ActiveCfg = Release|Any CPU
		{1CC6F76F-4551-483F-BA0F-06FD0BAD2227}.Release|x86.Build.0 = Release|Any CPU
		{58E76A97-02DD-4008-90C6-C42CC46CE30E}.Debug|Any CPU.ActiveCfg = Debug|Any CPU
		{58E76A97-02DD-4008-90C6-C42CC46CE30E}.Debug|Any CPU.Build.0 = Debug|Any CPU
		{58E76A97-02DD-4008-90C6-C42CC46CE30E}.Debug|x64.ActiveCfg = Debug|Any CPU
		{58E76A97-02DD-4008-90C6-C42CC46CE30E}.Debug|x64.Build.0 = Debug|Any CPU
		{58E76A97-02DD-4008-90C6-C42CC46CE30E}.Debug|x86.ActiveCfg = Debug|Any CPU
		{58E76A97-02DD-4008-90C6-C42CC46CE30E}.Debug|x86.Build.0 = Debug|Any CPU
		{58E76A97-02DD-4008-90C6-C42CC46CE30E}.Release|Any CPU.ActiveCfg = Release|Any CPU
		{58E76A97-02DD-4008-90C6-C42CC46CE30E}.Release|Any CPU.Build.0 = Release|Any CPU
		{58E76A97-02DD-4008-90C6-C42CC46CE30E}.Release|x64.ActiveCfg = Release|Any CPU
		{58E76A97-02DD-4008-90C6-C42CC46CE30E}.Release|x64.Build.0 = Release|Any CPU
		{58E76A97-02DD-4008-90C6-C42CC46CE30E}.Release|x86.ActiveCfg = Release|Any CPU
		{58E76A97-02DD-4008-90C6-C42CC46CE30E}.Release|x86.Build.0 = Release|Any CPU
		{C34F2EC7-F775-42C3-BF37-21A846BF9AF6}.Debug|Any CPU.ActiveCfg = Debug|Any CPU
		{C34F2EC7-F775-42C3-BF37-21A846BF9AF6}.Debug|Any CPU.Build.0 = Debug|Any CPU
		{C34F2EC7-F775-42C3-BF37-21A846BF9AF6}.Debug|x64.ActiveCfg = Debug|Any CPU
		{C34F2EC7-F775-42C3-BF37-21A846BF9AF6}.Debug|x64.Build.0 = Debug|Any CPU
		{C34F2EC7-F775-42C3-BF37-21A846BF9AF6}.Debug|x86.ActiveCfg = Debug|Any CPU
		{C34F2EC7-F775-42C3-BF37-21A846BF9AF6}.Debug|x86.Build.0 = Debug|Any CPU
		{C34F2EC7-F775-42C3-BF37-21A846BF9AF6}.Release|Any CPU.ActiveCfg = Release|Any CPU
		{C34F2EC7-F775-42C3-BF37-21A846BF9AF6}.Release|Any CPU.Build.0 = Release|Any CPU
		{C34F2EC7-F775-42C3-BF37-21A846BF9AF6}.Release|x64.ActiveCfg = Release|Any CPU
		{C34F2EC7-F775-42C3-BF37-21A846BF9AF6}.Release|x64.Build.0 = Release|Any CPU
		{C34F2EC7-F775-42C3-BF37-21A846BF9AF6}.Release|x86.ActiveCfg = Release|Any CPU
		{C34F2EC7-F775-42C3-BF37-21A846BF9AF6}.Release|x86.Build.0 = Release|Any CPU
		{CE2CC7C0-766B-4265-B1A2-CDDAB7DA17A0}.Debug|Any CPU.ActiveCfg = Debug|Any CPU
		{CE2CC7C0-766B-4265-B1A2-CDDAB7DA17A0}.Debug|Any CPU.Build.0 = Debug|Any CPU
		{CE2CC7C0-766B-4265-B1A2-CDDAB7DA17A0}.Debug|x64.ActiveCfg = Debug|Any CPU
		{CE2CC7C0-766B-4265-B1A2-CDDAB7DA17A0}.Debug|x64.Build.0 = Debug|Any CPU
		{CE2CC7C0-766B-4265-B1A2-CDDAB7DA17A0}.Debug|x86.ActiveCfg = Debug|Any CPU
		{CE2CC7C0-766B-4265-B1A2-CDDAB7DA17A0}.Debug|x86.Build.0 = Debug|Any CPU
		{CE2CC7C0-766B-4265-B1A2-CDDAB7DA17A0}.Release|Any CPU.ActiveCfg = Release|Any CPU
		{CE2CC7C0-766B-4265-B1A2-CDDAB7DA17A0}.Release|Any CPU.Build.0 = Release|Any CPU
		{CE2CC7C0-766B-4265-B1A2-CDDAB7DA17A0}.Release|x64.ActiveCfg = Release|Any CPU
		{CE2CC7C0-766B-4265-B1A2-CDDAB7DA17A0}.Release|x64.Build.0 = Release|Any CPU
		{CE2CC7C0-766B-4265-B1A2-CDDAB7DA17A0}.Release|x86.ActiveCfg = Release|Any CPU
		{CE2CC7C0-766B-4265-B1A2-CDDAB7DA17A0}.Release|x86.Build.0 = Release|Any CPU
	EndGlobalSection
	GlobalSection(SolutionProperties) = preSolution
		HideSolutionNode = FALSE
	EndGlobalSection
	GlobalSection(NestedProjects) = preSolution
		{172FDCC4-A560-41A2-98B1-FA4A37A07A34} = {827E0CD3-B72D-47B6-A68D-7590B98EB39B}
		{80EA0F93-B568-4605-B7C7-BBBF98794BCD} = {827E0CD3-B72D-47B6-A68D-7590B98EB39B}
		{4F935412-7F7D-4FB1-8334-9C785810C391} = {827E0CD3-B72D-47B6-A68D-7590B98EB39B}
		{4AE9E6C4-4966-45D0-9E03-92A1091D6B82} = {827E0CD3-B72D-47B6-A68D-7590B98EB39B}
		{D912A538-FBC8-4373-B7D1-EB0285A65EB0} = {827E0CD3-B72D-47B6-A68D-7590B98EB39B}
		{920F24A0-0711-4657-9876-2BD415097CD1} = {827E0CD3-B72D-47B6-A68D-7590B98EB39B}
		{B14DC8DE-427E-413A-8B36-463A399090E6} = {827E0CD3-B72D-47B6-A68D-7590B98EB39B}
		{9C8573E2-F24E-4D9D-AF10-E9ADD8479290} = {827E0CD3-B72D-47B6-A68D-7590B98EB39B}
		{60065D8D-5CF6-4346-B8D9-DD83AADC17E5} = {827E0CD3-B72D-47B6-A68D-7590B98EB39B}
		{1CC6F76F-4551-483F-BA0F-06FD0BAD2227} = {0AB3BF05-4346-4AA6-1389-037BE0695223}
		{58E76A97-02DD-4008-90C6-C42CC46CE30E} = {0AB3BF05-4346-4AA6-1389-037BE0695223}
		{C8E42992-5E42-0C2B-DBFE-AA848D06431C} = {827E0CD3-B72D-47B6-A68D-7590B98EB39B}
		{C34F2EC7-F775-42C3-BF37-21A846BF9AF6} = {C8E42992-5E42-0C2B-DBFE-AA848D06431C}
		{CE2CC7C0-766B-4265-B1A2-CDDAB7DA17A0} = {C8E42992-5E42-0C2B-DBFE-AA848D06431C}
	EndGlobalSection
EndGlobal
